
Microsoft Visual Studio Solution File, Format Version 12.00
# Visual Studio Version 17
VisualStudioVersion = 17.12.35527.113
MinimumVisualStudioVersion = 10.0.40219.1
Project("{FAE04EC0-301F-11D3-BF4B-00C04F79EFBC}") = "LibraryManager.App", "LibraryManager.App\LibraryManager.App.csproj", "{2A19C24C-DCC6-47EB-96BC-70D40671DFCF}"
EndProject
Project("{FAE04EC0-301F-11D3-BF4B-00C04F79EFBC}") = "BusinessObjects", "BusinessObjects\BusinessObjects.csproj", "{99FCCD77-E3EF-47B9-ABF1-A8125F719C8D}"
EndProject
Project("{FAE04EC0-301F-11D3-BF4B-00C04F79EFBC}") = "DataAccessLayer", "DataAccessLayer\DataAccessLayer.csproj", "{FF264231-2F6D-4D6E-8BC2-DE0DB5C704EB}"
EndProject
Project("{FAE04EC0-301F-11D3-BF4B-00C04F79EFBC}") = "Services", "Services\Services.csproj", "{30728A64-A536-465E-8F97-D1A582D12C88}"
EndProject
Global
	GlobalSection(SolutionConfigurationPlatforms) = preSolution
		Debug|Any CPU = Debug|Any CPU
		Release|Any CPU = Release|Any CPU
	EndGlobalSection
	GlobalSection(ProjectConfigurationPlatforms) = postSolution
		{2A19C24C-DCC6-47EB-96BC-70D40671DFCF}.Debug|Any CPU.ActiveCfg = Debug|Any CPU
		{2A19C24C-DCC6-47EB-96BC-70D40671DFCF}.Debug|Any CPU.Build.0 = Debug|Any CPU
		{2A19C24C-DCC6-47EB-96BC-70D40671DFCF}.Release|Any CPU.ActiveCfg = Release|Any CPU
		{2A19C24C-DCC6-47EB-96BC-70D40671DFCF}.Release|Any CPU.Build.0 = Release|Any CPU
		{99FCCD77-E3EF-47B9-ABF1-A8125F719C8D}.Debug|Any CPU.ActiveCfg = Debug|Any CPU
		{99FCCD77-E3EF-47B9-ABF1-A8125F719C8D}.Debug|Any CPU.Build.0 = Debug|Any CPU
		{99FCCD77-E3EF-47B9-ABF1-A8125F719C8D}.Release|Any CPU.ActiveCfg = Release|Any CPU
		{99FCCD77-E3EF-47B9-ABF1-A8125F719C8D}.Release|Any CPU.Build.0 = Release|Any CPU
		{FF264231-2F6D-4D6E-8BC2-DE0DB5C704EB}.Debug|Any CPU.ActiveCfg = Debug|Any CPU
		{FF264231-2F6D-4D6E-8BC2-DE0DB5C704EB}.Debug|Any CPU.Build.0 = Debug|Any CPU
		{FF264231-2F6D-4D6E-8BC2-DE0DB5C704EB}.Release|Any CPU.ActiveCfg = Release|Any CPU
		{FF264231-2F6D-4D6E-8BC2-DE0DB5C704EB}.Release|Any CPU.Build.0 = Release|Any CPU
		{30728A64-A536-465E-8F97-D1A582D12C88}.Debug|Any CPU.ActiveCfg = Debug|Any CPU
		{30728A64-A536-465E-8F97-D1A582D12C88}.Debug|Any CPU.Build.0 = Debug|Any CPU
		{30728A64-A536-465E-8F97-D1A582D12C88}.Release|Any CPU.ActiveCfg = Release|Any CPU
		{30728A64-A536-465E-8F97-D1A582D12C88}.Release|Any CPU.Build.0 = Release|Any CPU
	EndGlobalSection
	GlobalSection(SolutionProperties) = preSolution
		HideSolutionNode = FALSE
	EndGlobalSection
EndGlobal
